
Microsoft Visual Studio Solution File, Format Version 12.00
# Visual Studio 14
VisualStudioVersion = 14.0.25420.1
MinimumVisualStudioVersion = 10.0.40219.1
Project("{2150E333-8FDC-42A3-9474-1A3956D46DE8}") = "src", "src", "{25F36D14-25D1-44D0-A3E3-542DA524DA80}"
EndProject
Project("{2150E333-8FDC-42A3-9474-1A3956D46DE8}") = "Solution Items", "Solution Items", "{6011B8FB-3C31-4185-AABF-D05B525AA081}"
	ProjectSection(SolutionItems) = preProject
		global.json = global.json
	EndProjectSection
EndProject
Project("{8BB2217D-0F2D-49D1-97BC-3654ED321F3B}") = "Angular2CRUDExample", "src\Angular2CRUDExample\Angular2CRUDExample.xproj", "{477CDC9A-FBFD-423E-B46A-C2B69ACFD3D4}"
EndProject
Global
	GlobalSection(SolutionConfigurationPlatforms) = preSolution
		Debug|Any CPU = Debug|Any CPU
		Release|Any CPU = Release|Any CPU
	EndGlobalSection
	GlobalSection(ProjectConfigurationPlatforms) = postSolution
		{477CDC9A-FBFD-423E-B46A-C2B69ACFD3D4}.Debug|Any CPU.ActiveCfg = Debug|Any CPU
		{477CDC9A-FBFD-423E-B46A-C2B69ACFD3D4}.Debug|Any CPU.Build.0 = Debug|Any CPU
		{477CDC9A-FBFD-423E-B46A-C2B69ACFD3D4}.Release|Any CPU.ActiveCfg = Release|Any CPU
		{477CDC9A-FBFD-423E-B46A-C2B69ACFD3D4}.Release|Any CPU.Build.0 = Release|Any CPU
	EndGlobalSection
	GlobalSection(SolutionProperties) = preSolution
		HideSolutionNode = FALSE
	EndGlobalSection
	GlobalSection(NestedProjects) = preSolution
		{477CDC9A-FBFD-423E-B46A-C2B69ACFD3D4} = {25F36D14-25D1-44D0-A3E3-542DA524DA80}
	EndGlobalSection
EndGlobal
